// !$*UTF8*$!
{
	archiveVersion = 1;
	classes = {
	};
	objectVersion = 46;
	objects = {

/* Begin PBXBuildFile section */
		48F9A84A1CC95F650099C433 /* AppDelegate.swift in Sources */ = {isa = PBXBuildFile; fileRef = 48F9A8491CC95F650099C433 /* AppDelegate.swift */; };
		48F9A84C1CC95F650099C433 /* ViewController.swift in Sources */ = {isa = PBXBuildFile; fileRef = 48F9A84B1CC95F650099C433 /* ViewController.swift */; };
		48F9A84F1CC95F650099C433 /* Main.storyboard in Resources */ = {isa = PBXBuildFile; fileRef = 48F9A84D1CC95F650099C433 /* Main.storyboard */; };
		48F9A8511CC95F650099C433 /* Assets.xcassets in Resources */ = {isa = PBXBuildFile; fileRef = 48F9A8501CC95F650099C433 /* Assets.xcassets */; };
		48F9A8541CC95F650099C433 /* LaunchScreen.storyboard in Resources */ = {isa = PBXBuildFile; fileRef = 48F9A8521CC95F650099C433 /* LaunchScreen.storyboard */; };
		48F9A85F1CC95F660099C433 /* SwiftPhotoAppTests.swift in Sources */ = {isa = PBXBuildFile; fileRef = 48F9A85E1CC95F660099C433 /* SwiftPhotoAppTests.swift */; };
		48F9A86A1CC95F660099C433 /* SwiftPhotoAppUITests.swift in Sources */ = {isa = PBXBuildFile; fileRef = 48F9A8691CC95F660099C433 /* SwiftPhotoAppUITests.swift */; };
/* End PBXBuildFile section */

/* Begin PBXContainerItemProxy section */
		48F9A85B1CC95F660099C433 /* PBXContainerItemProxy */ = {
			isa = PBXContainerItemProxy;
			containerPortal = 48F9A83E1CC95F650099C433 /* Project object */;
			proxyType = 1;
			remoteGlobalIDString = 48F9A8451CC95F650099C433;
			remoteInfo = SwiftPhotoApp;
		};
		48F9A8661CC95F660099C433 /* PBXContainerItemProxy */ = {
			isa = PBXContainerItemProxy;
			containerPortal = 48F9A83E1CC95F650099C433 /* Project object */;
			proxyType = 1;
			remoteGlobalIDString = 48F9A8451CC95F650099C433;
			remoteInfo = SwiftPhotoApp;
		};
/* End PBXContainerItemProxy section */

/* Begin PBXFileReference section */
		48F9A8461CC95F650099C433 /* SwiftPhotoApp.app */ = {isa = PBXFileReference; explicitFileType = wrapper.application; includeInIndex = 0; path = SwiftPhotoApp.app; sourceTree = BUILT_PRODUCTS_DIR; };
		48F9A8491CC95F650099C433 /* AppDelegate.swift */ = {isa = PBXFileReference; lastKnownFileType = sourcecode.swift; path = AppDelegate.swift; sourceTree = "<group>"; };
		48F9A84B1CC95F650099C433 /* ViewController.swift */ = {isa = PBXFileReference; lastKnownFileType = sourcecode.swift; path = ViewController.swift; sourceTree = "<group>"; };
		48F9A84E1CC95F650099C433 /* Base */ = {isa = PBXFileReference; lastKnownFileType = file.storyboard; name = Base; path = Base.lproj/Main.storyboard; sourceTree = "<group>"; };
		48F9A8501CC95F650099C433 /* Assets.xcassets */ = {isa = PBXFileReference; lastKnownFileType = folder.assetcatalog; path = Assets.xcassets; sourceTree = "<group>"; };
		48F9A8531CC95F650099C433 /* Base */ = {isa = PBXFileReference; lastKnownFileType = file.storyboard; name = Base; path = Base.lproj/LaunchScreen.storyboard; sourceTree = "<group>"; };
		48F9A8551CC95F650099C433 /* Info.plist */ = {isa = PBXFileReference; lastKnownFileType = text.plist.xml; path = Info.plist; sourceTree = "<group>"; };
		48F9A85A1CC95F660099C433 /* SwiftPhotoAppTests.xctest */ = {isa = PBXFileReference; explicitFileType = wrapper.cfbundle; includeInIndex = 0; path = SwiftPhotoAppTests.xctest; sourceTree = BUILT_PRODUCTS_DIR; };
		48F9A85E1CC95F660099C433 /* SwiftPhotoAppTests.swift */ = {isa = PBXFileReference; lastKnownFileType = sourcecode.swift; path = SwiftPhotoAppTests.swift; sourceTree = "<group>"; };
		48F9A8601CC95F660099C433 /* Info.plist */ = {isa = PBXFileReference; lastKnownFileType = text.plist.xml; path = Info.plist; sourceTree = "<group>"; };
		48F9A8651CC95F660099C433 /* SwiftPhotoAppUITests.xctest */ = {isa = PBXFileReference; explicitFileType = wrapper.cfbundle; includeInIndex = 0; path = SwiftPhotoAppUITests.xctest; sourceTree = BUILT_PRODUCTS_DIR; };
		48F9A8691CC95F660099C433 /* SwiftPhotoAppUITests.swift */ = {isa = PBXFileReference; lastKnownFileType = sourcecode.swift; path = SwiftPhotoAppUITests.swift; sourceTree = "<group>"; };
		48F9A86B1CC95F660099C433 /* Info.plist */ = {isa = PBXFileReference; lastKnownFileType = text.plist.xml; path = Info.plist; sourceTree = "<group>"; };
/* End PBXFileReference section */

/* Begin PBXFrameworksBuildPhase section */
		48F9A8431CC95F650099C433 /* Frameworks */ = {
			isa = PBXFrameworksBuildPhase;
			buildActionMask = 2147483647;
			files = (
			);
			runOnlyForDeploymentPostprocessing = 0;
		};
		48F9A8571CC95F660099C433 /* Frameworks */ = {
			isa = PBXFrameworksBuildPhase;
			buildActionMask = 2147483647;
			files = (
			);
			runOnlyForDeploymentPostprocessing = 0;
		};
		48F9A8621CC95F660099C433 /* Frameworks */ = {
			isa = PBXFrameworksBuildPhase;
			buildActionMask = 2147483647;
			files = (
			);
			runOnlyForDeploymentPostprocessing = 0;
		};
/* End PBXFrameworksBuildPhase section */

/* Begin PBXGroup section */
		48F9A83D1CC95F650099C433 = {
			isa = PBXGroup;
			children = (
				48F9A8481CC95F650099C433 /* SwiftPhotoApp */,
				48F9A85D1CC95F660099C433 /* SwiftPhotoAppTests */,
				48F9A8681CC95F660099C433 /* SwiftPhotoAppUITests */,
				48F9A8471CC95F650099C433 /* Products */,
			);
			sourceTree = "<group>";
		};
		48F9A8471CC95F650099C433 /* Products */ = {
			isa = PBXGroup;
			children = (
				48F9A8461CC95F650099C433 /* SwiftPhotoApp.app */,
				48F9A85A1CC95F660099C433 /* SwiftPhotoAppTests.xctest */,
				48F9A8651CC95F660099C433 /* SwiftPhotoAppUITests.xctest */,
			);
			name = Products;
			sourceTree = "<group>";
		};
		48F9A8481CC95F650099C433 /* SwiftPhotoApp */ = {
			isa = PBXGroup;
			children = (
				48F9A8491CC95F650099C433 /* AppDelegate.swift */,
				48F9A84B1CC95F650099C433 /* ViewController.swift */,
				48F9A84D1CC95F650099C433 /* Main.storyboard */,
				48F9A8501CC95F650099C433 /* Assets.xcassets */,
				48F9A8521CC95F650099C433 /* LaunchScreen.storyboard */,
				48F9A8551CC95F650099C433 /* Info.plist */,
			);
			path = SwiftPhotoApp;
			sourceTree = "<group>";
		};
		48F9A85D1CC95F660099C433 /* SwiftPhotoAppTests */ = {
			isa = PBXGroup;
			children = (
				48F9A85E1CC95F660099C433 /* SwiftPhotoAppTests.swift */,
				48F9A8601CC95F660099C433 /* Info.plist */,
			);
			path = SwiftPhotoAppTests;
			sourceTree = "<group>";
		};
		48F9A8681CC95F660099C433 /* SwiftPhotoAppUITests */ = {
			isa = PBXGroup;
			children = (
				48F9A8691CC95F660099C433 /* SwiftPhotoAppUITests.swift */,
				48F9A86B1CC95F660099C433 /* Info.plist */,
			);
			path = SwiftPhotoAppUITests;
			sourceTree = "<group>";
		};
/* End PBXGroup section */

/* Begin PBXNativeTarget section */
		48F9A8451CC95F650099C433 /* SwiftPhotoApp */ = {
			isa = PBXNativeTarget;
			buildConfigurationList = 48F9A86E1CC95F660099C433 /* Build configuration list for PBXNativeTarget "SwiftPhotoApp" */;
			buildPhases = (
				48F9A8421CC95F650099C433 /* Sources */,
				48F9A8431CC95F650099C433 /* Frameworks */,
				48F9A8441CC95F650099C433 /* Resources */,
			);
			buildRules = (
			);
			dependencies = (
			);
			name = SwiftPhotoApp;
			productName = SwiftPhotoApp;
			productReference = 48F9A8461CC95F650099C433 /* SwiftPhotoApp.app */;
			productType = "com.apple.product-type.application";
		};
		48F9A8591CC95F660099C433 /* SwiftPhotoAppTests */ = {
			isa = PBXNativeTarget;
			buildConfigurationList = 48F9A8711CC95F660099C433 /* Build configuration list for PBXNativeTarget "SwiftPhotoAppTests" */;
			buildPhases = (
				48F9A8561CC95F660099C433 /* Sources */,
				48F9A8571CC95F660099C433 /* Frameworks */,
				48F9A8581CC95F660099C433 /* Resources */,
			);
			buildRules = (
			);
			dependencies = (
				48F9A85C1CC95F660099C433 /* PBXTargetDependency */,
			);
			name = SwiftPhotoAppTests;
			productName = SwiftPhotoAppTests;
			productReference = 48F9A85A1CC95F660099C433 /* SwiftPhotoAppTests.xctest */;
			productType = "com.apple.product-type.bundle.unit-test";
		};
		48F9A8641CC95F660099C433 /* SwiftPhotoAppUITests */ = {
			isa = PBXNativeTarget;
			buildConfigurationList = 48F9A8741CC95F660099C433 /* Build configuration list for PBXNativeTarget "SwiftPhotoAppUITests" */;
			buildPhases = (
				48F9A8611CC95F660099C433 /* Sources */,
				48F9A8621CC95F660099C433 /* Frameworks */,
				48F9A8631CC95F660099C433 /* Resources */,
			);
			buildRules = (
			);
			dependencies = (
				48F9A8671CC95F660099C433 /* PBXTargetDependency */,
			);
			name = SwiftPhotoAppUITests;
			productName = SwiftPhotoAppUITests;
			productReference = 48F9A8651CC95F660099C433 /* SwiftPhotoAppUITests.xctest */;
			productType = "com.apple.product-type.bundle.ui-testing";
		};
/* End PBXNativeTarget section */

/* Begin PBXProject section */
		48F9A83E1CC95F650099C433 /* Project object */ = {
			isa = PBXProject;
			attributes = {
				LastUpgradeCheck = 0700;
				ORGANIZATIONNAME = "Deepa Mahalingam";
				TargetAttributes = {
					48F9A8451CC95F650099C433 = {
						CreatedOnToolsVersion = 7.0;
					};
					48F9A8591CC95F660099C433 = {
						CreatedOnToolsVersion = 7.0;
						TestTargetID = 48F9A8451CC95F650099C433;
					};
					48F9A8641CC95F660099C433 = {
						CreatedOnToolsVersion = 7.0;
						TestTargetID = 48F9A8451CC95F650099C433;
					};
				};
			};
			buildConfigurationList = 48F9A8411CC95F650099C433 /* Build configuration list for PBXProject "SwiftPhotoApp" */;
			compatibilityVersion = "Xcode 3.2";
			developmentRegion = English;
			hasScannedForEncodings = 0;
			knownRegions = (
				en,
				Base,
			);
			mainGroup = 48F9A83D1CC95F650099C433;
			productRefGroup = 48F9A8471CC95F650099C433 /* Products */;
			projectDirPath = "";
			projectRoot = "";
			targets = (
				48F9A8451CC95F650099C433 /* SwiftPhotoApp */,
				48F9A8591CC95F660099C433 /* SwiftPhotoAppTests */,
				48F9A8641CC95F660099C433 /* SwiftPhotoAppUITests */,
			);
		};
/* End PBXProject section */

/* Begin PBXResourcesBuildPhase section */
		48F9A8441CC95F650099C433 /* Resources */ = {
			isa = PBXResourcesBuildPhase;
			buildActionMask = 2147483647;
			files = (
				48F9A8541CC95F650099C433 /* LaunchScreen.storyboard in Resources */,
				48F9A8511CC95F650099C433 /* Assets.xcassets in Resources */,
				48F9A84F1CC95F650099C433 /* Main.storyboard in Resources */,
			);
			runOnlyForDeploymentPostprocessing = 0;
		};
		48F9A8581CC95F660099C433 /* Resources */ = {
			isa = PBXResourcesBuildPhase;
			buildActionMask = 2147483647;
			files = (
			);
			runOnlyForDeploymentPostprocessing = 0;
		};
		48F9A8631CC95F660099C433 /* Resources */ = {
			isa = PBXResourcesBuildPhase;
			buildActionMask = 2147483647;
			files = (
			);
			runOnlyForDeploymentPostprocessing = 0;
		};
/* End PBXResourcesBuildPhase section */

/* Begin PBXSourcesBuildPhase section */
		48F9A8421CC95F650099C433 /* Sources */ = {
			isa = PBXSourcesBuildPhase;
			buildActionMask = 2147483647;
			files = (
				48F9A84C1CC95F650099C433 /* ViewController.swift in Sources */,
				48F9A84A1CC95F650099C433 /* AppDelegate.swift in Sources */,
			);
			runOnlyForDeploymentPostprocessing = 0;
		};
		48F9A8561CC95F660099C433 /* Sources */ = {
			isa = PBXSourcesBuildPhase;
			buildActionMask = 2147483647;
			files = (
				48F9A85F1CC95F660099C433 /* SwiftPhotoAppTests.swift in Sources */,
			);
			runOnlyForDeploymentPostprocessing = 0;
		};
		48F9A8611CC95F660099C433 /* Sources */ = {
			isa = PBXSourcesBuildPhase;
			buildActionMask = 2147483647;
			files = (
				48F9A86A1CC95F660099C433 /* SwiftPhotoAppUITests.swift in Sources */,
			);
			runOnlyForDeploymentPostprocessing = 0;
		};
/* End PBXSourcesBuildPhase section */

/* Begin PBXTargetDependency section */
		48F9A85C1CC95F660099C433 /* PBXTargetDependency */ = {
			isa = PBXTargetDependency;
			target = 48F9A8451CC95F650099C433 /* SwiftPhotoApp */;
			targetProxy = 48F9A85B1CC95F660099C433 /* PBXContainerItemProxy */;
		};
		48F9A8671CC95F660099C433 /* PBXTargetDependency */ = {
			isa = PBXTargetDependency;
			target = 48F9A8451CC95F650099C433 /* SwiftPhotoApp */;
			targetProxy = 48F9A8661CC95F660099C433 /* PBXContainerItemProxy */;
		};
/* End PBXTargetDependency section */

/* Begin PBXVariantGroup section */
		48F9A84D1CC95F650099C433 /* Main.storyboard */ = {
			isa = PBXVariantGroup;
			children = (
				48F9A84E1CC95F650099C433 /* Base */,
			);
			name = Main.storyboard;
			sourceTree = "<group>";
		};
		48F9A8521CC95F650099C433 /* LaunchScreen.storyboard */ = {
			isa = PBXVariantGroup;
			children = (
				48F9A8531CC95F650099C433 /* Base */,
			);
			name = LaunchScreen.storyboard;
			sourceTree = "<group>";
		};
/* End PBXVariantGroup section */

/* Begin XCBuildConfiguration section */
		48F9A86C1CC95F660099C433 /* Debug */ = {
			isa = XCBuildConfiguration;
			buildSettings = {
				ALWAYS_SEARCH_USER_PATHS = NO;
				CLANG_CXX_LANGUAGE_STANDARD = "gnu++0x";
				CLANG_CXX_LIBRARY = "libc++";
				CLANG_ENABLE_MODULES = YES;
				CLANG_ENABLE_OBJC_ARC = YES;
				CLANG_WARN_BOOL_CONVERSION = YES;
				CLANG_WARN_CONSTANT_CONVERSION = YES;
				CLANG_WARN_DIRECT_OBJC_ISA_USAGE = YES_ERROR;
				CLANG_WARN_EMPTY_BODY = YES;
				CLANG_WARN_ENUM_CONVERSION = YES;
				CLANG_WARN_INT_CONVERSION = YES;
				CLANG_WARN_OBJC_ROOT_CLASS = YES_ERROR;
				CLANG_WARN_UNREACHABLE_CODE = YES;
				CLANG_WARN__DUPLICATE_METHOD_MATCH = YES;
				"CODE_SIGN_IDENTITY[sdk=iphoneos*]" = "iPhone Developer";
				COPY_PHASE_STRIP = NO;
				DEBUG_INFORMATION_FORMAT = dwarf;
				ENABLE_STRICT_OBJC_MSGSEND = YES;
				ENABLE_TESTABILITY = YES;
				GCC_C_LANGUAGE_STANDARD = gnu99;
				GCC_DYNAMIC_NO_PIC = NO;
				GCC_NO_COMMON_BLOCKS = YES;
				GCC_OPTIMIZATION_LEVEL = 0;
				GCC_PREPROCESSOR_DEFINITIONS = (
					"DEBUG=1",
					"$(inherited)",
				);
				GCC_WARN_64_TO_32_BIT_CONVERSION = YES;
				GCC_WARN_ABOUT_RETURN_TYPE = YES_ERROR;
				GCC_WARN_UNDECLARED_SELECTOR = YES;
				GCC_WARN_UNINITIALIZED_AUTOS = YES_AGGRESSIVE;
				GCC_WARN_UNUSED_FUNCTION = YES;
				GCC_WARN_UNUSED_VARIABLE = YES;
				IPHONEOS_DEPLOYMENT_TARGET = 9.0;
				MTL_ENABLE_DEBUG_INFO = YES;
				ONLY_ACTIVE_ARCH = YES;
				SDKROOT = iphoneos;
				SWIFT_OPTIMIZATION_LEVEL = "-Onone";
			};
			name = Debug;
		};
		48F9A86D1CC95F660099C433 /* Release */ = {
			isa = XCBuildConfiguration;
			buildSettings = {
				ALWAYS_SEARCH_USER_PATHS = NO;
				CLANG_CXX_LANGUAGE_STANDARD = "gnu++0x";
				CLANG_CXX_LIBRARY = "libc++";
				CLANG_ENABLE_MODULES = YES;
				CLANG_ENABLE_OBJC_ARC = YES;
				CLANG_WARN_BOOL_CONVERSION = YES;
				CLANG_WARN_CONSTANT_CONVERSION = YES;
				CLANG_WARN_DIRECT_OBJC_ISA_USAGE = YES_ERROR;
				CLANG_WARN_EMPTY_BODY = YES;
				CLANG_WARN_ENUM_CONVERSION = YES;
				CLANG_WARN_INT_CONVERSION = YES;
				CLANG_WARN_OBJC_ROOT_CLASS = YES_ERROR;
				CLANG_WARN_UNREACHABLE_CODE = YES;
				CLANG_WARN__DUPLICATE_METHOD_MATCH = YES;
				"CODE_SIGN_IDENTITY[sdk=iphoneos*]" = "iPhone Developer";
				COPY_PHASE_STRIP = NO;
				DEBUG_INFORMATION_FORMAT = "dwarf-with-dsym";
				ENABLE_NS_ASSERTIONS = NO;
				ENABLE_STRICT_OBJC_MSGSEND = YES;
				GCC_C_LANGUAGE_STANDARD = gnu99;
				GCC_NO_COMMON_BLOCKS = YES;
				GCC_WARN_64_TO_32_BIT_CONVERSION = YES;
				GCC_WARN_ABOUT_RETURN_TYPE = YES_ERROR;
				GCC_WARN_UNDECLARED_SELECTOR = YES;
				GCC_WARN_UNINITIALIZED_AUTOS = YES_AGGRESSIVE;
				GCC_WARN_UNUSED_FUNCTION = YES;
				GCC_WARN_UNUSED_VARIABLE = YES;
				IPHONEOS_DEPLOYMENT_TARGET = 9.0;
				MTL_ENABLE_DEBUG_INFO = NO;
				SDKROOT = iphoneos;
				VALIDATE_PRODUCT = YES;
			};
			name = Release;
		};
		48F9A86F1CC95F660099C433 /* Debug */ = {
			isa = XCBuildConfiguration;
			buildSettings = {
				ASSETCATALOG_COMPILER_APPICON_NAME = AppIcon;
				INFOPLIST_FILE = SwiftPhotoApp/Info.plist;
				LD_RUNPATH_SEARCH_PATHS = "$(inherited) @executable_path/Frameworks";
				PRODUCT_BUNDLE_IDENTIFIER = com.upheus.Bitscademy.SwiftPhotoApp;
				PRODUCT_NAME = "$(TARGET_NAME)";
			};
			name = Debug;
		};
		48F9A8701CC95F660099C433 /* Release */ = {
			isa = XCBuildConfiguration;
			buildSettings = {
				ASSETCATALOG_COMPILER_APPICON_NAME = AppIcon;
				INFOPLIST_FILE = SwiftPhotoApp/Info.plist;
				LD_RUNPATH_SEARCH_PATHS = "$(inherited) @executable_path/Frameworks";
				PRODUCT_BUNDLE_IDENTIFIER = com.upheus.Bitscademy.SwiftPhotoApp;
				PRODUCT_NAME = "$(TARGET_NAME)";
			};
			name = Release;
		};
		48F9A8721CC95F660099C433 /* Debug */ = {
			isa = XCBuildConfiguration;
			buildSettings = {
				BUNDLE_LOADER = "$(TEST_HOST)";
				INFOPLIST_FILE = SwiftPhotoAppTests/Info.plist;
				LD_RUNPATH_SEARCH_PATHS = "$(inherited) @executable_path/Frameworks @loader_path/Frameworks";
				PRODUCT_BUNDLE_IDENTIFIER = com.upheus.Bitscademy.SwiftPhotoAppTests;
				PRODUCT_NAME = "$(TARGET_NAME)";
				TEST_HOST = "$(BUILT_PRODUCTS_DIR)/SwiftPhotoApp.app/SwiftPhotoApp";
			};
			name = Debug;
		};
		48F9A8731CC95F660099C433 /* Release */ = {
			isa = XCBuildConfiguration;
			buildSettings = {
				BUNDLE_LOADER = "$(TEST_HOST)";
				INFOPLIST_FILE = SwiftPhotoAppTests/Info.plist;
				LD_RUNPATH_SEARCH_PATHS = "$(inherited) @executable_path/Frameworks @loader_path/Frameworks";
				PRODUCT_BUNDLE_IDENTIFIER = com.upheus.Bitscademy.SwiftPhotoAppTests;
				PRODUCT_NAME = "$(TARGET_NAME)";
				TEST_HOST = "$(BUILT_PRODUCTS_DIR)/SwiftPhotoApp.app/SwiftPhotoApp";
			};
			name = Release;
		};
		48F9A8751CC95F660099C433 /* Debug */ = {
			isa = XCBuildConfiguration;
			buildSettings = {
				INFOPLIST_FILE = SwiftPhotoAppUITests/Info.plist;
				LD_RUNPATH_SEARCH_PATHS = "$(inherited) @executable_path/Frameworks @loader_path/Frameworks";
				PRODUCT_BUNDLE_IDENTIFIER = com.upheus.Bitscademy.SwiftPhotoAppUITests;
				PRODUCT_NAME = "$(TARGET_NAME)";
				TEST_TARGET_NAME = SwiftPhotoApp;
				USES_XCTRUNNER = YES;
			};
			name = Debug;
		};
		48F9A8761CC95F660099C433 /* Release */ = {
			isa = XCBuildConfiguration;
			buildSettings = {
				INFOPLIST_FILE = SwiftPhotoAppUITests/Info.plist;
				LD_RUNPATH_SEARCH_PATHS = "$(inherited) @executable_path/Frameworks @loader_path/Frameworks";
				PRODUCT_BUNDLE_IDENTIFIER = com.upheus.Bitscademy.SwiftPhotoAppUITests;
				PRODUCT_NAME = "$(TARGET_NAME)";
				TEST_TARGET_NAME = SwiftPhotoApp;
				USES_XCTRUNNER = YES;
			};
			name = Release;
		};
/* End XCBuildConfiguration section */

/* Begin XCConfigurationList section */
		48F9A8411CC95F650099C433 /* Build configuration list for PBXProject "SwiftPhotoApp" */ = {
			isa = XCConfigurationList;
			buildConfigurations = (
				48F9A86C1CC95F660099C433 /* Debug */,
				48F9A86D1CC95F660099C433 /* Release */,
			);
			defaultConfigurationIsVisible = 0;
			defaultConfigurationName = Release;
		};
		48F9A86E1CC95F660099C433 /* Build configuration list for PBXNativeTarget "SwiftPhotoApp" */ = {
			isa = XCConfigurationList;
			buildConfigurations = (
				48F9A86F1CC95F660099C433 /* Debug */,
				48F9A8701CC95F660099C433 /* Release */,
			);
			defaultConfigurationIsVisible = 0;
		};
		48F9A8711CC95F660099C433 /* Build configuration list for PBXNativeTarget "SwiftPhotoAppTests" */ = {
			isa = XCConfigurationList;
			buildConfigurations = (
				48F9A8721CC95F660099C433 /* Debug */,
				48F9A8731CC95F660099C433 /* Release */,
			);
			defaultConfigurationIsVisible = 0;
		};
		48F9A8741CC95F660099C433 /* Build configuration list for PBXNativeTarget "SwiftPhotoAppUITests" */ = {
			isa = XCConfigurationList;
			buildConfigurations = (
				48F9A8751CC95F660099C433 /* Debug */,
				48F9A8761CC95F660099C433 /* Release */,
			);
			defaultConfigurationIsVisible = 0;
		};
/* End XCConfigurationList section */
	};
	rootObject = 48F9A83E1CC95F650099C433 /* Project object */;
}
